
Microsoft Visual Studio Solution File, Format Version 12.00
# Visual Studio Version 17
VisualStudioVersion = 17.11.35312.102
MinimumVisualStudioVersion = 10.0.40219.1
Project("{FAE04EC0-301F-11D3-BF4B-00C04F79EFBC}") = "Сдать и сделать.", "..\Сдать и сделать\Сдать и сделать..csproj", "{B51D626F-E69F-4E0B-9399-6193EE1AFBE7}"
EndProject
Global
	GlobalSection(SolutionConfigurationPlatforms) = preSolution
		Debug|Any CPU = Debug|Any CPU
		Release|Any CPU = Release|Any CPU
	EndGlobalSection
	GlobalSection(ProjectConfigurationPlatforms) = postSolution
		{B51D626F-E69F-4E0B-9399-6193EE1AFBE7}.Debug|Any CPU.ActiveCfg = Debug|Any CPU
		{B51D626F-E69F-4E0B-9399-6193EE1AFBE7}.Debug|Any CPU.Build.0 = Debug|Any CPU
		{B51D626F-E69F-4E0B-9399-6193EE1AFBE7}.Release|Any CPU.ActiveCfg = Release|Any CPU
		{B51D626F-E69F-4E0B-9399-6193EE1AFBE7}.Release|Any CPU.Build.0 = Release|Any CPU
	EndGlobalSection
	GlobalSection(SolutionProperties) = preSolution
		HideSolutionNode = FALSE
	EndGlobalSection
	GlobalSection(ExtensibilityGlobals) = postSolution
		SolutionGuid = {BDDBC6E7-57AF-40B9-AF88-67F755CAE636}
	EndGlobalSection
EndGlobal
